
Microsoft Visual Studio Solution File, Format Version 11.00
# Visual Studio 2010
Project("{FAE04EC0-301F-11D3-BF4B-00C04F79EFBC}") = "Unity.LevelPlay", "Unity.LevelPlay.csproj", "{49572259-4993-f59e-ee74-f7c98360ea20}"
EndProject
Project("{FAE04EC0-301F-11D3-BF4B-00C04F79EFBC}") = "Assembly-CSharp", "Assembly-CSharp.csproj", "{35abd548-45ef-d313-85c0-277c7687825e}"
EndProject
Project("{FAE04EC0-301F-11D3-BF4B-00C04F79EFBC}") = "Boxophobic.Utils.Scripts", "Boxophobic.Utils.Scripts.csproj", "{6cf0b21f-006e-e8d0-5ca0-781945450f81}"
EndProject
Project("{FAE04EC0-301F-11D3-BF4B-00C04F79EFBC}") = "Assembly-CSharp-firstpass", "Assembly-CSharp-firstpass.csproj", "{e345c3b8-edd8-c859-d3f7-670bae161711}"
EndProject
Project("{FAE04EC0-301F-11D3-BF4B-00C04F79EFBC}") = "Unity.LevelPlay.Editor", "Unity.LevelPlay.Editor.csproj", "{ece80b3d-0c03-bbd5-2d77-4a8ac82a117f}"
EndProject
Project("{FAE04EC0-301F-11D3-BF4B-00C04F79EFBC}") = "Boxophobic.Utils.Editor", "Boxophobic.Utils.Editor.csproj", "{46efe2dc-4927-4534-41bb-377cc440b89b}"
EndProject
Project("{FAE04EC0-301F-11D3-BF4B-00C04F79EFBC}") = "Assembly-CSharp-Editor", "Assembly-CSharp-Editor.csproj", "{e5e8ba16-7eef-d3cb-15d8-8bebec9d910d}"
EndProject
Project("{FAE04EC0-301F-11D3-BF4B-00C04F79EFBC}") = "Boxophobic.SkyboxCubemapExtended.Editor", "Boxophobic.SkyboxCubemapExtended.Editor.csproj", "{084274fc-cada-4d05-3877-eaa9350aea6c}"
EndProject
Project("{FAE04EC0-301F-11D3-BF4B-00C04F79EFBC}") = "Assembly-CSharp-Editor-firstpass", "Assembly-CSharp-Editor-firstpass.csproj", "{cc345846-21b5-71e3-7f4c-9e372ee1c5f8}"
EndProject
Global
	GlobalSection(SolutionConfigurationPlatforms) = preSolution
		Debug|Any CPU = Debug|Any CPU
	EndGlobalSection
	GlobalSection(ProjectConfigurationPlatforms) = postSolution
		{49572259-4993-f59e-ee74-f7c98360ea20}.Debug|Any CPU.ActiveCfg = Debug|Any CPU
		{49572259-4993-f59e-ee74-f7c98360ea20}.Debug|Any CPU.Build.0 = Debug|Any CPU
		{35abd548-45ef-d313-85c0-277c7687825e}.Debug|Any CPU.ActiveCfg = Debug|Any CPU
		{35abd548-45ef-d313-85c0-277c7687825e}.Debug|Any CPU.Build.0 = Debug|Any CPU
		{6cf0b21f-006e-e8d0-5ca0-781945450f81}.Debug|Any CPU.ActiveCfg = Debug|Any CPU
		{6cf0b21f-006e-e8d0-5ca0-781945450f81}.Debug|Any CPU.Build.0 = Debug|Any CPU
		{e345c3b8-edd8-c859-d3f7-670bae161711}.Debug|Any CPU.ActiveCfg = Debug|Any CPU
		{e345c3b8-edd8-c859-d3f7-670bae161711}.Debug|Any CPU.Build.0 = Debug|Any CPU
		{ece80b3d-0c03-bbd5-2d77-4a8ac82a117f}.Debug|Any CPU.ActiveCfg = Debug|Any CPU
		{ece80b3d-0c03-bbd5-2d77-4a8ac82a117f}.Debug|Any CPU.Build.0 = Debug|Any CPU
		{46efe2dc-4927-4534-41bb-377cc440b89b}.Debug|Any CPU.ActiveCfg = Debug|Any CPU
		{46efe2dc-4927-4534-41bb-377cc440b89b}.Debug|Any CPU.Build.0 = Debug|Any CPU
		{e5e8ba16-7eef-d3cb-15d8-8bebec9d910d}.Debug|Any CPU.ActiveCfg = Debug|Any CPU
		{e5e8ba16-7eef-d3cb-15d8-8bebec9d910d}.Debug|Any CPU.Build.0 = Debug|Any CPU
		{084274fc-cada-4d05-3877-eaa9350aea6c}.Debug|Any CPU.ActiveCfg = Debug|Any CPU
		{084274fc-cada-4d05-3877-eaa9350aea6c}.Debug|Any CPU.Build.0 = Debug|Any CPU
		{cc345846-21b5-71e3-7f4c-9e372ee1c5f8}.Debug|Any CPU.ActiveCfg = Debug|Any CPU
		{cc345846-21b5-71e3-7f4c-9e372ee1c5f8}.Debug|Any CPU.Build.0 = Debug|Any CPU
	EndGlobalSection
	GlobalSection(SolutionProperties) = preSolution
		HideSolutionNode = FALSE
	EndGlobalSection
EndGlobal
